// !$*UTF8*$!
{
	archiveVersion = 1;
	classes = {
	};
	objectVersion = 56;
	objects = {

/* Begin PBXBuildFile section */
		D46F79452BF38A550007E394 /* User.swift in Sources */ = {isa = PBXBuildFile; fileRef = D46F79442BF38A550007E394 /* User.swift */; };
		D46F79472BF38BB20007E394 /* Residence.swift in Sources */ = {isa = PBXBuildFile; fileRef = D46F79462BF38BB20007E394 /* Residence.swift */; };
		D46F79492BF38C120007E394 /* Illness.swift in Sources */ = {isa = PBXBuildFile; fileRef = D46F79482BF38C120007E394 /* Illness.swift */; };
		D46F794D2BF38EA50007E394 /* Stool.swift in Sources */ = {isa = PBXBuildFile; fileRef = D46F794C2BF38EA50007E394 /* Stool.swift */; };
		D46F794F2BF38ED50007E394 /* MedicalTreatment.swift in Sources */ = {isa = PBXBuildFile; fileRef = D46F794E2BF38ED50007E394 /* MedicalTreatment.swift */; };
		D46F79512BF38F110007E394 /* Medicine.swift in Sources */ = {isa = PBXBuildFile; fileRef = D46F79502BF38F110007E394 /* Medicine.swift */; };
		D46F79532BF3963D0007E394 /* Meal.swift in Sources */ = {isa = PBXBuildFile; fileRef = D46F79522BF3963D0007E394 /* Meal.swift */; };
		D46F79552BF396860007E394 /* Dish.swift in Sources */ = {isa = PBXBuildFile; fileRef = D46F79542BF396860007E394 /* Dish.swift */; };
		D46F79572BF396FF0007E394 /* Ingredient.swift in Sources */ = {isa = PBXBuildFile; fileRef = D46F79562BF396FF0007E394 /* Ingredient.swift */; };
		D46F79592BF398450007E394 /* Symptom.swift in Sources */ = {isa = PBXBuildFile; fileRef = D46F79582BF398450007E394 /* Symptom.swift */; };
		D46F795B2BF398950007E394 /* DigestiveHealth.swift in Sources */ = {isa = PBXBuildFile; fileRef = D46F795A2BF398950007E394 /* DigestiveHealth.swift */; };
		D46F795D2BF398C80007E394 /* GeneralHealth.swift in Sources */ = {isa = PBXBuildFile; fileRef = D46F795C2BF398C80007E394 /* GeneralHealth.swift */; };
		D46F795F2BF398D90007E394 /* MentalHealth.swift in Sources */ = {isa = PBXBuildFile; fileRef = D46F795E2BF398D90007E394 /* MentalHealth.swift */; };
		D4A3535D2BF3B52B003B2F63 /* Entry.swift in Sources */ = {isa = PBXBuildFile; fileRef = D4A3535C2BF3B52B003B2F63 /* Entry.swift */; };
		D4EF637E2BF2653100C5D95E /* DigestiveTrackerAppApp.swift in Sources */ = {isa = PBXBuildFile; fileRef = D4EF637D2BF2653100C5D95E /* DigestiveTrackerAppApp.swift */; };
		D4EF63802BF2653100C5D95E /* ContentView.swift in Sources */ = {isa = PBXBuildFile; fileRef = D4EF637F2BF2653100C5D95E /* ContentView.swift */; };
		D4EF63822BF2653100C5D95E /* Item.swift in Sources */ = {isa = PBXBuildFile; fileRef = D4EF63812BF2653100C5D95E /* Item.swift */; };
		D4EF63842BF2653200C5D95E /* Assets.xcassets in Resources */ = {isa = PBXBuildFile; fileRef = D4EF63832BF2653200C5D95E /* Assets.xcassets */; };
		D4EF63872BF2653200C5D95E /* Preview Assets.xcassets in Resources */ = {isa = PBXBuildFile; fileRef = D4EF63862BF2653200C5D95E /* Preview Assets.xcassets */; };
		D4EF63912BF2653200C5D95E /* DigestiveTrackerAppTests.swift in Sources */ = {isa = PBXBuildFile; fileRef = D4EF63902BF2653200C5D95E /* DigestiveTrackerAppTests.swift */; };
		D4EF639B2BF2653200C5D95E /* DigestiveTrackerAppUITests.swift in Sources */ = {isa = PBXBuildFile; fileRef = D4EF639A2BF2653200C5D95E /* DigestiveTrackerAppUITests.swift */; };
		D4EF639D2BF2653200C5D95E /* DigestiveTrackerAppUITestsLaunchTests.swift in Sources */ = {isa = PBXBuildFile; fileRef = D4EF639C2BF2653200C5D95E /* DigestiveTrackerAppUITestsLaunchTests.swift */; };
		D7B58FBD2BF4F61E000E7774 /* MealCarousel.swift in Sources */ = {isa = PBXBuildFile; fileRef = D7B58FBC2BF4F61E000E7774 /* MealCarousel.swift */; };
		D7B58FBF2BF4F632000E7774 /* RowButtonComponent.swift in Sources */ = {isa = PBXBuildFile; fileRef = D7B58FBE2BF4F632000E7774 /* RowButtonComponent.swift */; };
/* End PBXBuildFile section */

/* Begin PBXContainerItemProxy section */
		D4EF638D2BF2653200C5D95E /* PBXContainerItemProxy */ = {
			isa = PBXContainerItemProxy;
			containerPortal = D4EF63722BF2653000C5D95E /* Project object */;
			proxyType = 1;
			remoteGlobalIDString = D4EF63792BF2653000C5D95E;
			remoteInfo = DigestiveTrackerApp;
		};
		D4EF63972BF2653200C5D95E /* PBXContainerItemProxy */ = {
			isa = PBXContainerItemProxy;
			containerPortal = D4EF63722BF2653000C5D95E /* Project object */;
			proxyType = 1;
			remoteGlobalIDString = D4EF63792BF2653000C5D95E;
			remoteInfo = DigestiveTrackerApp;
		};
/* End PBXContainerItemProxy section */

/* Begin PBXFileReference section */
		D46F79442BF38A550007E394 /* User.swift */ = {isa = PBXFileReference; lastKnownFileType = sourcecode.swift; path = User.swift; sourceTree = "<group>"; };
		D46F79462BF38BB20007E394 /* Residence.swift */ = {isa = PBXFileReference; lastKnownFileType = sourcecode.swift; path = Residence.swift; sourceTree = "<group>"; };
		D46F79482BF38C120007E394 /* Illness.swift */ = {isa = PBXFileReference; lastKnownFileType = sourcecode.swift; path = Illness.swift; sourceTree = "<group>"; };
		D46F794C2BF38EA50007E394 /* Stool.swift */ = {isa = PBXFileReference; lastKnownFileType = sourcecode.swift; path = Stool.swift; sourceTree = "<group>"; };
		D46F794E2BF38ED50007E394 /* MedicalTreatment.swift */ = {isa = PBXFileReference; lastKnownFileType = sourcecode.swift; path = MedicalTreatment.swift; sourceTree = "<group>"; };
		D46F79502BF38F110007E394 /* Medicine.swift */ = {isa = PBXFileReference; lastKnownFileType = sourcecode.swift; path = Medicine.swift; sourceTree = "<group>"; };
		D46F79522BF3963D0007E394 /* Meal.swift */ = {isa = PBXFileReference; lastKnownFileType = sourcecode.swift; path = Meal.swift; sourceTree = "<group>"; };
		D46F79542BF396860007E394 /* Dish.swift */ = {isa = PBXFileReference; lastKnownFileType = sourcecode.swift; path = Dish.swift; sourceTree = "<group>"; };
		D46F79562BF396FF0007E394 /* Ingredient.swift */ = {isa = PBXFileReference; lastKnownFileType = sourcecode.swift; path = Ingredient.swift; sourceTree = "<group>"; };
		D46F79582BF398450007E394 /* Symptom.swift */ = {isa = PBXFileReference; lastKnownFileType = sourcecode.swift; path = Symptom.swift; sourceTree = "<group>"; };
		D46F795A2BF398950007E394 /* DigestiveHealth.swift */ = {isa = PBXFileReference; lastKnownFileType = sourcecode.swift; path = DigestiveHealth.swift; sourceTree = "<group>"; };
		D46F795C2BF398C80007E394 /* GeneralHealth.swift */ = {isa = PBXFileReference; lastKnownFileType = sourcecode.swift; path = GeneralHealth.swift; sourceTree = "<group>"; };
		D46F795E2BF398D90007E394 /* MentalHealth.swift */ = {isa = PBXFileReference; lastKnownFileType = sourcecode.swift; path = MentalHealth.swift; sourceTree = "<group>"; };
		D4A3535C2BF3B52B003B2F63 /* Entry.swift */ = {isa = PBXFileReference; lastKnownFileType = sourcecode.swift; path = Entry.swift; sourceTree = "<group>"; };
		D4EF637A2BF2653100C5D95E /* DigestiveTrackerApp.app */ = {isa = PBXFileReference; explicitFileType = wrapper.application; includeInIndex = 0; path = DigestiveTrackerApp.app; sourceTree = BUILT_PRODUCTS_DIR; };
		D4EF637D2BF2653100C5D95E /* DigestiveTrackerAppApp.swift */ = {isa = PBXFileReference; lastKnownFileType = sourcecode.swift; path = DigestiveTrackerAppApp.swift; sourceTree = "<group>"; };
		D4EF637F2BF2653100C5D95E /* ContentView.swift */ = {isa = PBXFileReference; lastKnownFileType = sourcecode.swift; path = ContentView.swift; sourceTree = "<group>"; };
		D4EF63812BF2653100C5D95E /* Item.swift */ = {isa = PBXFileReference; lastKnownFileType = sourcecode.swift; path = Item.swift; sourceTree = "<group>"; };
		D4EF63832BF2653200C5D95E /* Assets.xcassets */ = {isa = PBXFileReference; lastKnownFileType = folder.assetcatalog; path = Assets.xcassets; sourceTree = "<group>"; };
		D4EF63862BF2653200C5D95E /* Preview Assets.xcassets */ = {isa = PBXFileReference; lastKnownFileType = folder.assetcatalog; path = "Preview Assets.xcassets"; sourceTree = "<group>"; };
		D4EF638C2BF2653200C5D95E /* DigestiveTrackerAppTests.xctest */ = {isa = PBXFileReference; explicitFileType = wrapper.cfbundle; includeInIndex = 0; path = DigestiveTrackerAppTests.xctest; sourceTree = BUILT_PRODUCTS_DIR; };
		D4EF63902BF2653200C5D95E /* DigestiveTrackerAppTests.swift */ = {isa = PBXFileReference; lastKnownFileType = sourcecode.swift; path = DigestiveTrackerAppTests.swift; sourceTree = "<group>"; };
		D4EF63962BF2653200C5D95E /* DigestiveTrackerAppUITests.xctest */ = {isa = PBXFileReference; explicitFileType = wrapper.cfbundle; includeInIndex = 0; path = DigestiveTrackerAppUITests.xctest; sourceTree = BUILT_PRODUCTS_DIR; };
		D4EF639A2BF2653200C5D95E /* DigestiveTrackerAppUITests.swift */ = {isa = PBXFileReference; lastKnownFileType = sourcecode.swift; path = DigestiveTrackerAppUITests.swift; sourceTree = "<group>"; };
		D4EF639C2BF2653200C5D95E /* DigestiveTrackerAppUITestsLaunchTests.swift */ = {isa = PBXFileReference; lastKnownFileType = sourcecode.swift; path = DigestiveTrackerAppUITestsLaunchTests.swift; sourceTree = "<group>"; };
		D7B58FBC2BF4F61E000E7774 /* MealCarousel.swift */ = {isa = PBXFileReference; lastKnownFileType = sourcecode.swift; path = MealCarousel.swift; sourceTree = "<group>"; };
		D7B58FBE2BF4F632000E7774 /* RowButtonComponent.swift */ = {isa = PBXFileReference; lastKnownFileType = sourcecode.swift; path = RowButtonComponent.swift; sourceTree = "<group>"; };
/* End PBXFileReference section */

/* Begin PBXFrameworksBuildPhase section */
		D4EF63772BF2653000C5D95E /* Frameworks */ = {
			isa = PBXFrameworksBuildPhase;
			buildActionMask = 2147483647;
			files = (
			);
			runOnlyForDeploymentPostprocessing = 0;
		};
		D4EF63892BF2653200C5D95E /* Frameworks */ = {
			isa = PBXFrameworksBuildPhase;
			buildActionMask = 2147483647;
			files = (
			);
			runOnlyForDeploymentPostprocessing = 0;
		};
		D4EF63932BF2653200C5D95E /* Frameworks */ = {
			isa = PBXFrameworksBuildPhase;
			buildActionMask = 2147483647;
			files = (
			);
			runOnlyForDeploymentPostprocessing = 0;
		};
/* End PBXFrameworksBuildPhase section */

/* Begin PBXGroup section */
		D46F79432BF389CD0007E394 /* Models */ = {
			isa = PBXGroup;
			children = (
				D46F79442BF38A550007E394 /* User.swift */,
				D46F79462BF38BB20007E394 /* Residence.swift */,
				D46F79482BF38C120007E394 /* Illness.swift */,
				D46F794C2BF38EA50007E394 /* Stool.swift */,
				D46F794E2BF38ED50007E394 /* MedicalTreatment.swift */,
				D46F79502BF38F110007E394 /* Medicine.swift */,
				D46F79522BF3963D0007E394 /* Meal.swift */,
				D46F79542BF396860007E394 /* Dish.swift */,
				D46F79562BF396FF0007E394 /* Ingredient.swift */,
				D46F79582BF398450007E394 /* Symptom.swift */,
				D46F795A2BF398950007E394 /* DigestiveHealth.swift */,
				D46F795C2BF398C80007E394 /* GeneralHealth.swift */,
				D46F795E2BF398D90007E394 /* MentalHealth.swift */,
				D4A3535C2BF3B52B003B2F63 /* Entry.swift */,
			);
			path = Models;
			sourceTree = "<group>";
		};
		D4EF63712BF2653000C5D95E = {
			isa = PBXGroup;
			children = (
				D4EF637C2BF2653100C5D95E /* DigestiveTrackerApp */,
				D4EF638F2BF2653200C5D95E /* DigestiveTrackerAppTests */,
				D4EF63992BF2653200C5D95E /* DigestiveTrackerAppUITests */,
				D4EF637B2BF2653100C5D95E /* Products */,
			);
			sourceTree = "<group>";
		};
		D4EF637B2BF2653100C5D95E /* Products */ = {
			isa = PBXGroup;
			children = (
				D4EF637A2BF2653100C5D95E /* DigestiveTrackerApp.app */,
				D4EF638C2BF2653200C5D95E /* DigestiveTrackerAppTests.xctest */,
				D4EF63962BF2653200C5D95E /* DigestiveTrackerAppUITests.xctest */,
			);
			name = Products;
			sourceTree = "<group>";
		};
		D4EF637C2BF2653100C5D95E /* DigestiveTrackerApp */ = {
			isa = PBXGroup;
			children = (
				D46F79432BF389CD0007E394 /* Models */,
				D4EF637D2BF2653100C5D95E /* DigestiveTrackerAppApp.swift */,
				D4EF637F2BF2653100C5D95E /* ContentView.swift */,
				D7B58FBC2BF4F61E000E7774 /* MealCarousel.swift */,
				D7B58FBE2BF4F632000E7774 /* RowButtonComponent.swift */,
				D4EF63812BF2653100C5D95E /* Item.swift */,
				D4EF63832BF2653200C5D95E /* Assets.xcassets */,
				D4EF63852BF2653200C5D95E /* Preview Content */,
			);
			path = DigestiveTrackerApp;
			sourceTree = "<group>";
		};
		D4EF63852BF2653200C5D95E /* Preview Content */ = {
			isa = PBXGroup;
			children = (
				D4EF63862BF2653200C5D95E /* Preview Assets.xcassets */,
			);
			path = "Preview Content";
			sourceTree = "<group>";
		};
		D4EF638F2BF2653200C5D95E /* DigestiveTrackerAppTests */ = {
			isa = PBXGroup;
			children = (
				D4EF63902BF2653200C5D95E /* DigestiveTrackerAppTests.swift */,
			);
			path = DigestiveTrackerAppTests;
			sourceTree = "<group>";
		};
		D4EF63992BF2653200C5D95E /* DigestiveTrackerAppUITests */ = {
			isa = PBXGroup;
			children = (
				D4EF639A2BF2653200C5D95E /* DigestiveTrackerAppUITests.swift */,
				D4EF639C2BF2653200C5D95E /* DigestiveTrackerAppUITestsLaunchTests.swift */,
			);
			path = DigestiveTrackerAppUITests;
			sourceTree = "<group>";
		};
/* End PBXGroup section */

/* Begin PBXNativeTarget section */
		D4EF63792BF2653000C5D95E /* DigestiveTrackerApp */ = {
			isa = PBXNativeTarget;
			buildConfigurationList = D4EF63A02BF2653200C5D95E /* Build configuration list for PBXNativeTarget "DigestiveTrackerApp" */;
			buildPhases = (
				D4EF63762BF2653000C5D95E /* Sources */,
				D4EF63772BF2653000C5D95E /* Frameworks */,
				D4EF63782BF2653000C5D95E /* Resources */,
			);
			buildRules = (
			);
			dependencies = (
			);
			name = DigestiveTrackerApp;
			productName = DigestiveTrackerApp;
			productReference = D4EF637A2BF2653100C5D95E /* DigestiveTrackerApp.app */;
			productType = "com.apple.product-type.application";
		};
		D4EF638B2BF2653200C5D95E /* DigestiveTrackerAppTests */ = {
			isa = PBXNativeTarget;
			buildConfigurationList = D4EF63A32BF2653200C5D95E /* Build configuration list for PBXNativeTarget "DigestiveTrackerAppTests" */;
			buildPhases = (
				D4EF63882BF2653200C5D95E /* Sources */,
				D4EF63892BF2653200C5D95E /* Frameworks */,
				D4EF638A2BF2653200C5D95E /* Resources */,
			);
			buildRules = (
			);
			dependencies = (
				D4EF638E2BF2653200C5D95E /* PBXTargetDependency */,
			);
			name = DigestiveTrackerAppTests;
			productName = DigestiveTrackerAppTests;
			productReference = D4EF638C2BF2653200C5D95E /* DigestiveTrackerAppTests.xctest */;
			productType = "com.apple.product-type.bundle.unit-test";
		};
		D4EF63952BF2653200C5D95E /* DigestiveTrackerAppUITests */ = {
			isa = PBXNativeTarget;
			buildConfigurationList = D4EF63A62BF2653200C5D95E /* Build configuration list for PBXNativeTarget "DigestiveTrackerAppUITests" */;
			buildPhases = (
				D4EF63922BF2653200C5D95E /* Sources */,
				D4EF63932BF2653200C5D95E /* Frameworks */,
				D4EF63942BF2653200C5D95E /* Resources */,
			);
			buildRules = (
			);
			dependencies = (
				D4EF63982BF2653200C5D95E /* PBXTargetDependency */,
			);
			name = DigestiveTrackerAppUITests;
			productName = DigestiveTrackerAppUITests;
			productReference = D4EF63962BF2653200C5D95E /* DigestiveTrackerAppUITests.xctest */;
			productType = "com.apple.product-type.bundle.ui-testing";
		};
/* End PBXNativeTarget section */

/* Begin PBXProject section */
		D4EF63722BF2653000C5D95E /* Project object */ = {
			isa = PBXProject;
			attributes = {
				BuildIndependentTargetsInParallel = 1;
				LastSwiftUpdateCheck = 1500;
				LastUpgradeCheck = 1500;
				TargetAttributes = {
					D4EF63792BF2653000C5D95E = {
						CreatedOnToolsVersion = 15.0;
					};
					D4EF638B2BF2653200C5D95E = {
						CreatedOnToolsVersion = 15.0;
						TestTargetID = D4EF63792BF2653000C5D95E;
					};
					D4EF63952BF2653200C5D95E = {
						CreatedOnToolsVersion = 15.0;
						TestTargetID = D4EF63792BF2653000C5D95E;
					};
				};
			};
			buildConfigurationList = D4EF63752BF2653000C5D95E /* Build configuration list for PBXProject "DigestiveTrackerApp" */;
			compatibilityVersion = "Xcode 14.0";
			developmentRegion = en;
			hasScannedForEncodings = 0;
			knownRegions = (
				en,
				Base,
			);
			mainGroup = D4EF63712BF2653000C5D95E;
			productRefGroup = D4EF637B2BF2653100C5D95E /* Products */;
			projectDirPath = "";
			projectRoot = "";
			targets = (
				D4EF63792BF2653000C5D95E /* DigestiveTrackerApp */,
				D4EF638B2BF2653200C5D95E /* DigestiveTrackerAppTests */,
				D4EF63952BF2653200C5D95E /* DigestiveTrackerAppUITests */,
			);
		};
/* End PBXProject section */

/* Begin PBXResourcesBuildPhase section */
		D4EF63782BF2653000C5D95E /* Resources */ = {
			isa = PBXResourcesBuildPhase;
			buildActionMask = 2147483647;
			files = (
				D4EF63872BF2653200C5D95E /* Preview Assets.xcassets in Resources */,
				D4EF63842BF2653200C5D95E /* Assets.xcassets in Resources */,
			);
			runOnlyForDeploymentPostprocessing = 0;
		};
		D4EF638A2BF2653200C5D95E /* Resources */ = {
			isa = PBXResourcesBuildPhase;
			buildActionMask = 2147483647;
			files = (
			);
			runOnlyForDeploymentPostprocessing = 0;
		};
		D4EF63942BF2653200C5D95E /* Resources */ = {
			isa = PBXResourcesBuildPhase;
			buildActionMask = 2147483647;
			files = (
			);
			runOnlyForDeploymentPostprocessing = 0;
		};
/* End PBXResourcesBuildPhase section */

/* Begin PBXSourcesBuildPhase section */
		D4EF63762BF2653000C5D95E /* Sources */ = {
			isa = PBXSourcesBuildPhase;
			buildActionMask = 2147483647;
			files = (
				D46F79572BF396FF0007E394 /* Ingredient.swift in Sources */,
				D4A3535D2BF3B52B003B2F63 /* Entry.swift in Sources */,
				D46F795D2BF398C80007E394 /* GeneralHealth.swift in Sources */,
				D46F79452BF38A550007E394 /* User.swift in Sources */,
				D46F795B2BF398950007E394 /* DigestiveHealth.swift in Sources */,
				D4EF63802BF2653100C5D95E /* ContentView.swift in Sources */,
				D46F79492BF38C120007E394 /* Illness.swift in Sources */,
				D46F79592BF398450007E394 /* Symptom.swift in Sources */,
				D46F79532BF3963D0007E394 /* Meal.swift in Sources */,
				D46F79472BF38BB20007E394 /* Residence.swift in Sources */,
				D4EF63822BF2653100C5D95E /* Item.swift in Sources */,
				D46F795F2BF398D90007E394 /* MentalHealth.swift in Sources */,
				D7B58FBF2BF4F632000E7774 /* RowButtonComponent.swift in Sources */,
				D7B58FBD2BF4F61E000E7774 /* MealCarousel.swift in Sources */,
				D4EF637E2BF2653100C5D95E /* DigestiveTrackerAppApp.swift in Sources */,
				D46F79512BF38F110007E394 /* Medicine.swift in Sources */,
				D46F79552BF396860007E394 /* Dish.swift in Sources */,
				D46F794F2BF38ED50007E394 /* MedicalTreatment.swift in Sources */,
				D46F794D2BF38EA50007E394 /* Stool.swift in Sources */,
			);
			runOnlyForDeploymentPostprocessing = 0;
		};
		D4EF63882BF2653200C5D95E /* Sources */ = {
			isa = PBXSourcesBuildPhase;
			buildActionMask = 2147483647;
			files = (
				D4EF63912BF2653200C5D95E /* DigestiveTrackerAppTests.swift in Sources */,
			);
			runOnlyForDeploymentPostprocessing = 0;
		};
		D4EF63922BF2653200C5D95E /* Sources */ = {
			isa = PBXSourcesBuildPhase;
			buildActionMask = 2147483647;
			files = (
				D4EF639D2BF2653200C5D95E /* DigestiveTrackerAppUITestsLaunchTests.swift in Sources */,
				D4EF639B2BF2653200C5D95E /* DigestiveTrackerAppUITests.swift in Sources */,
			);
			runOnlyForDeploymentPostprocessing = 0;
		};
/* End PBXSourcesBuildPhase section */

/* Begin PBXTargetDependency section */
		D4EF638E2BF2653200C5D95E /* PBXTargetDependency */ = {
			isa = PBXTargetDependency;
			target = D4EF63792BF2653000C5D95E /* DigestiveTrackerApp */;
			targetProxy = D4EF638D2BF2653200C5D95E /* PBXContainerItemProxy */;
		};
		D4EF63982BF2653200C5D95E /* PBXTargetDependency */ = {
			isa = PBXTargetDependency;
			target = D4EF63792BF2653000C5D95E /* DigestiveTrackerApp */;
			targetProxy = D4EF63972BF2653200C5D95E /* PBXContainerItemProxy */;
		};
/* End PBXTargetDependency section */

/* Begin XCBuildConfiguration section */
		D4EF639E2BF2653200C5D95E /* Debug */ = {
			isa = XCBuildConfiguration;
			buildSettings = {
				ALWAYS_SEARCH_USER_PATHS = NO;
				ASSETCATALOG_COMPILER_GENERATE_SWIFT_ASSET_SYMBOL_EXTENSIONS = YES;
				CLANG_ANALYZER_NONNULL = YES;
				CLANG_ANALYZER_NUMBER_OBJECT_CONVERSION = YES_AGGRESSIVE;
				CLANG_CXX_LANGUAGE_STANDARD = "gnu++20";
				CLANG_ENABLE_MODULES = YES;
				CLANG_ENABLE_OBJC_ARC = YES;
				CLANG_ENABLE_OBJC_WEAK = YES;
				CLANG_WARN_BLOCK_CAPTURE_AUTORELEASING = YES;
				CLANG_WARN_BOOL_CONVERSION = YES;
				CLANG_WARN_COMMA = YES;
				CLANG_WARN_CONSTANT_CONVERSION = YES;
				CLANG_WARN_DEPRECATED_OBJC_IMPLEMENTATIONS = YES;
				CLANG_WARN_DIRECT_OBJC_ISA_USAGE = YES_ERROR;
				CLANG_WARN_DOCUMENTATION_COMMENTS = YES;
				CLANG_WARN_EMPTY_BODY = YES;
				CLANG_WARN_ENUM_CONVERSION = YES;
				CLANG_WARN_INFINITE_RECURSION = YES;
				CLANG_WARN_INT_CONVERSION = YES;
				CLANG_WARN_NON_LITERAL_NULL_CONVERSION = YES;
				CLANG_WARN_OBJC_IMPLICIT_RETAIN_SELF = YES;
				CLANG_WARN_OBJC_LITERAL_CONVERSION = YES;
				CLANG_WARN_OBJC_ROOT_CLASS = YES_ERROR;
				CLANG_WARN_QUOTED_INCLUDE_IN_FRAMEWORK_HEADER = YES;
				CLANG_WARN_RANGE_LOOP_ANALYSIS = YES;
				CLANG_WARN_STRICT_PROTOTYPES = YES;
				CLANG_WARN_SUSPICIOUS_MOVE = YES;
				CLANG_WARN_UNGUARDED_AVAILABILITY = YES_AGGRESSIVE;
				CLANG_WARN_UNREACHABLE_CODE = YES;
				CLANG_WARN__DUPLICATE_METHOD_MATCH = YES;
				COPY_PHASE_STRIP = NO;
				DEBUG_INFORMATION_FORMAT = dwarf;
				ENABLE_STRICT_OBJC_MSGSEND = YES;
				ENABLE_TESTABILITY = YES;
				ENABLE_USER_SCRIPT_SANDBOXING = YES;
				GCC_C_LANGUAGE_STANDARD = gnu17;
				GCC_DYNAMIC_NO_PIC = NO;
				GCC_NO_COMMON_BLOCKS = YES;
				GCC_OPTIMIZATION_LEVEL = 0;
				GCC_PREPROCESSOR_DEFINITIONS = (
					"DEBUG=1",
					"$(inherited)",
				);
				GCC_WARN_64_TO_32_BIT_CONVERSION = YES;
				GCC_WARN_ABOUT_RETURN_TYPE = YES_ERROR;
				GCC_WARN_UNDECLARED_SELECTOR = YES;
				GCC_WARN_UNINITIALIZED_AUTOS = YES_AGGRESSIVE;
				GCC_WARN_UNUSED_FUNCTION = YES;
				GCC_WARN_UNUSED_VARIABLE = YES;
				IPHONEOS_DEPLOYMENT_TARGET = 17.0;
				LOCALIZATION_PREFERS_STRING_CATALOGS = YES;
				MTL_ENABLE_DEBUG_INFO = INCLUDE_SOURCE;
				MTL_FAST_MATH = YES;
				ONLY_ACTIVE_ARCH = YES;
				SDKROOT = iphoneos;
				SWIFT_ACTIVE_COMPILATION_CONDITIONS = "DEBUG $(inherited)";
				SWIFT_OPTIMIZATION_LEVEL = "-Onone";
			};
			name = Debug;
		};
		D4EF639F2BF2653200C5D95E /* Release */ = {
			isa = XCBuildConfiguration;
			buildSettings = {
				ALWAYS_SEARCH_USER_PATHS = NO;
				ASSETCATALOG_COMPILER_GENERATE_SWIFT_ASSET_SYMBOL_EXTENSIONS = YES;
				CLANG_ANALYZER_NONNULL = YES;
				CLANG_ANALYZER_NUMBER_OBJECT_CONVERSION = YES_AGGRESSIVE;
				CLANG_CXX_LANGUAGE_STANDARD = "gnu++20";
				CLANG_ENABLE_MODULES = YES;
				CLANG_ENABLE_OBJC_ARC = YES;
				CLANG_ENABLE_OBJC_WEAK = YES;
				CLANG_WARN_BLOCK_CAPTURE_AUTORELEASING = YES;
				CLANG_WARN_BOOL_CONVERSION = YES;
				CLANG_WARN_COMMA = YES;
				CLANG_WARN_CONSTANT_CONVERSION = YES;
				CLANG_WARN_DEPRECATED_OBJC_IMPLEMENTATIONS = YES;
				CLANG_WARN_DIRECT_OBJC_ISA_USAGE = YES_ERROR;
				CLANG_WARN_DOCUMENTATION_COMMENTS = YES;
				CLANG_WARN_EMPTY_BODY = YES;
				CLANG_WARN_ENUM_CONVERSION = YES;
				CLANG_WARN_INFINITE_RECURSION = YES;
				CLANG_WARN_INT_CONVERSION = YES;
				CLANG_WARN_NON_LITERAL_NULL_CONVERSION = YES;
				CLANG_WARN_OBJC_IMPLICIT_RETAIN_SELF = YES;
				CLANG_WARN_OBJC_LITERAL_CONVERSION = YES;
				CLANG_WARN_OBJC_ROOT_CLASS = YES_ERROR;
				CLANG_WARN_QUOTED_INCLUDE_IN_FRAMEWORK_HEADER = YES;
				CLANG_WARN_RANGE_LOOP_ANALYSIS = YES;
				CLANG_WARN_STRICT_PROTOTYPES = YES;
				CLANG_WARN_SUSPICIOUS_MOVE = YES;
				CLANG_WARN_UNGUARDED_AVAILABILITY = YES_AGGRESSIVE;
				CLANG_WARN_UNREACHABLE_CODE = YES;
				CLANG_WARN__DUPLICATE_METHOD_MATCH = YES;
				COPY_PHASE_STRIP = NO;
				DEBUG_INFORMATION_FORMAT = "dwarf-with-dsym";
				ENABLE_NS_ASSERTIONS = NO;
				ENABLE_STRICT_OBJC_MSGSEND = YES;
				ENABLE_USER_SCRIPT_SANDBOXING = YES;
				GCC_C_LANGUAGE_STANDARD = gnu17;
				GCC_NO_COMMON_BLOCKS = YES;
				GCC_WARN_64_TO_32_BIT_CONVERSION = YES;
				GCC_WARN_ABOUT_RETURN_TYPE = YES_ERROR;
				GCC_WARN_UNDECLARED_SELECTOR = YES;
				GCC_WARN_UNINITIALIZED_AUTOS = YES_AGGRESSIVE;
				GCC_WARN_UNUSED_FUNCTION = YES;
				GCC_WARN_UNUSED_VARIABLE = YES;
				IPHONEOS_DEPLOYMENT_TARGET = 17.0;
				LOCALIZATION_PREFERS_STRING_CATALOGS = YES;
				MTL_ENABLE_DEBUG_INFO = NO;
				MTL_FAST_MATH = YES;
				SDKROOT = iphoneos;
				SWIFT_COMPILATION_MODE = wholemodule;
				VALIDATE_PRODUCT = YES;
			};
			name = Release;
		};
		D4EF63A12BF2653200C5D95E /* Debug */ = {
			isa = XCBuildConfiguration;
			buildSettings = {
				ASSETCATALOG_COMPILER_APPICON_NAME = AppIcon;
				ASSETCATALOG_COMPILER_GLOBAL_ACCENT_COLOR_NAME = AccentColor;
				CODE_SIGN_STYLE = Automatic;
				CURRENT_PROJECT_VERSION = 1;
				DEVELOPMENT_ASSET_PATHS = "\"DigestiveTrackerApp/Preview Content\"";
				DEVELOPMENT_TEAM = U9JXWD2ZKD;
				ENABLE_PREVIEWS = YES;
				GENERATE_INFOPLIST_FILE = YES;
				INFOPLIST_KEY_UIApplicationSceneManifest_Generation = YES;
				INFOPLIST_KEY_UIApplicationSupportsIndirectInputEvents = YES;
				INFOPLIST_KEY_UILaunchScreen_Generation = YES;
				INFOPLIST_KEY_UISupportedInterfaceOrientations_iPad = "UIInterfaceOrientationPortrait UIInterfaceOrientationPortraitUpsideDown UIInterfaceOrientationLandscapeLeft UIInterfaceOrientationLandscapeRight";
				INFOPLIST_KEY_UISupportedInterfaceOrientations_iPhone = "UIInterfaceOrientationPortrait UIInterfaceOrientationLandscapeLeft UIInterfaceOrientationLandscapeRight";
				LD_RUNPATH_SEARCH_PATHS = (
					"$(inherited)",
					"@executable_path/Frameworks",
				);
				MARKETING_VERSION = 1.0;
				PRODUCT_BUNDLE_IDENTIFIER = com.paulinalopezholguin.DigestiveTrackerApp;
				PRODUCT_NAME = "$(TARGET_NAME)";
				SWIFT_EMIT_LOC_STRINGS = YES;
				SWIFT_VERSION = 5.0;
				TARGETED_DEVICE_FAMILY = "1,2";
			};
			name = Debug;
		};
		D4EF63A22BF2653200C5D95E /* Release */ = {
			isa = XCBuildConfiguration;
			buildSettings = {
				ASSETCATALOG_COMPILER_APPICON_NAME = AppIcon;
				ASSETCATALOG_COMPILER_GLOBAL_ACCENT_COLOR_NAME = AccentColor;
				CODE_SIGN_STYLE = Automatic;
				CURRENT_PROJECT_VERSION = 1;
				DEVELOPMENT_ASSET_PATHS = "\"DigestiveTrackerApp/Preview Content\"";
				DEVELOPMENT_TEAM = U9JXWD2ZKD;
				ENABLE_PREVIEWS = YES;
				GENERATE_INFOPLIST_FILE = YES;
				INFOPLIST_KEY_UIApplicationSceneManifest_Generation = YES;
				INFOPLIST_KEY_UIApplicationSupportsIndirectInputEvents = YES;
				INFOPLIST_KEY_UILaunchScreen_Generation = YES;
				INFOPLIST_KEY_UISupportedInterfaceOrientations_iPad = "UIInterfaceOrientationPortrait UIInterfaceOrientationPortraitUpsideDown UIInterfaceOrientationLandscapeLeft UIInterfaceOrientationLandscapeRight";
				INFOPLIST_KEY_UISupportedInterfaceOrientations_iPhone = "UIInterfaceOrientationPortrait UIInterfaceOrientationLandscapeLeft UIInterfaceOrientationLandscapeRight";
				LD_RUNPATH_SEARCH_PATHS = (
					"$(inherited)",
					"@executable_path/Frameworks",
				);
				MARKETING_VERSION = 1.0;
				PRODUCT_BUNDLE_IDENTIFIER = com.paulinalopezholguin.DigestiveTrackerApp;
				PRODUCT_NAME = "$(TARGET_NAME)";
				SWIFT_EMIT_LOC_STRINGS = YES;
				SWIFT_VERSION = 5.0;
				TARGETED_DEVICE_FAMILY = "1,2";
			};
			name = Release;
		};
		D4EF63A42BF2653200C5D95E /* Debug */ = {
			isa = XCBuildConfiguration;
			buildSettings = {
				ALWAYS_EMBED_SWIFT_STANDARD_LIBRARIES = YES;
				BUNDLE_LOADER = "$(TEST_HOST)";
				CODE_SIGN_STYLE = Automatic;
				CURRENT_PROJECT_VERSION = 1;
				DEVELOPMENT_TEAM = 9A34GM6NJL;
				GENERATE_INFOPLIST_FILE = YES;
				IPHONEOS_DEPLOYMENT_TARGET = 17.0;
				MARKETING_VERSION = 1.0;
				PRODUCT_BUNDLE_IDENTIFIER = com.paulinalopezholguin.DigestiveTrackerAppTests;
				PRODUCT_NAME = "$(TARGET_NAME)";
				SWIFT_EMIT_LOC_STRINGS = NO;
				SWIFT_VERSION = 5.0;
				TARGETED_DEVICE_FAMILY = "1,2";
				TEST_HOST = "$(BUILT_PRODUCTS_DIR)/DigestiveTrackerApp.app/$(BUNDLE_EXECUTABLE_FOLDER_PATH)/DigestiveTrackerApp";
			};
			name = Debug;
		};
		D4EF63A52BF2653200C5D95E /* Release */ = {
			isa = XCBuildConfiguration;
			buildSettings = {
				ALWAYS_EMBED_SWIFT_STANDARD_LIBRARIES = YES;
				BUNDLE_LOADER = "$(TEST_HOST)";
				CODE_SIGN_STYLE = Automatic;
				CURRENT_PROJECT_VERSION = 1;
				DEVELOPMENT_TEAM = 9A34GM6NJL;
				GENERATE_INFOPLIST_FILE = YES;
				IPHONEOS_DEPLOYMENT_TARGET = 17.0;
				MARKETING_VERSION = 1.0;
				PRODUCT_BUNDLE_IDENTIFIER = com.paulinalopezholguin.DigestiveTrackerAppTests;
				PRODUCT_NAME = "$(TARGET_NAME)";
				SWIFT_EMIT_LOC_STRINGS = NO;
				SWIFT_VERSION = 5.0;
				TARGETED_DEVICE_FAMILY = "1,2";
				TEST_HOST = "$(BUILT_PRODUCTS_DIR)/DigestiveTrackerApp.app/$(BUNDLE_EXECUTABLE_FOLDER_PATH)/DigestiveTrackerApp";
			};
			name = Release;
		};
		D4EF63A72BF2653200C5D95E /* Debug */ = {
			isa = XCBuildConfiguration;
			buildSettings = {
				ALWAYS_EMBED_SWIFT_STANDARD_LIBRARIES = YES;
				CODE_SIGN_STYLE = Automatic;
				CURRENT_PROJECT_VERSION = 1;
				DEVELOPMENT_TEAM = 9A34GM6NJL;
				GENERATE_INFOPLIST_FILE = YES;
				MARKETING_VERSION = 1.0;
				PRODUCT_BUNDLE_IDENTIFIER = com.paulinalopezholguin.DigestiveTrackerAppUITests;
				PRODUCT_NAME = "$(TARGET_NAME)";
				SWIFT_EMIT_LOC_STRINGS = NO;
				SWIFT_VERSION = 5.0;
				TARGETED_DEVICE_FAMILY = "1,2";
				TEST_TARGET_NAME = DigestiveTrackerApp;
			};
			name = Debug;
		};
		D4EF63A82BF2653200C5D95E /* Release */ = {
			isa = XCBuildConfiguration;
			buildSettings = {
				ALWAYS_EMBED_SWIFT_STANDARD_LIBRARIES = YES;
				CODE_SIGN_STYLE = Automatic;
				CURRENT_PROJECT_VERSION = 1;
				DEVELOPMENT_TEAM = 9A34GM6NJL;
				GENERATE_INFOPLIST_FILE = YES;
				MARKETING_VERSION = 1.0;
				PRODUCT_BUNDLE_IDENTIFIER = com.paulinalopezholguin.DigestiveTrackerAppUITests;
				PRODUCT_NAME = "$(TARGET_NAME)";
				SWIFT_EMIT_LOC_STRINGS = NO;
				SWIFT_VERSION = 5.0;
				TARGETED_DEVICE_FAMILY = "1,2";
				TEST_TARGET_NAME = DigestiveTrackerApp;
			};
			name = Release;
		};
/* End XCBuildConfiguration section */

/* Begin XCConfigurationList section */
		D4EF63752BF2653000C5D95E /* Build configuration list for PBXProject "DigestiveTrackerApp" */ = {
			isa = XCConfigurationList;
			buildConfigurations = (
				D4EF639E2BF2653200C5D95E /* Debug */,
				D4EF639F2BF2653200C5D95E /* Release */,
			);
			defaultConfigurationIsVisible = 0;
			defaultConfigurationName = Release;
		};
		D4EF63A02BF2653200C5D95E /* Build configuration list for PBXNativeTarget "DigestiveTrackerApp" */ = {
			isa = XCConfigurationList;
			buildConfigurations = (
				D4EF63A12BF2653200C5D95E /* Debug */,
				D4EF63A22BF2653200C5D95E /* Release */,
			);
			defaultConfigurationIsVisible = 0;
			defaultConfigurationName = Release;
		};
		D4EF63A32BF2653200C5D95E /* Build configuration list for PBXNativeTarget "DigestiveTrackerAppTests" */ = {
			isa = XCConfigurationList;
			buildConfigurations = (
				D4EF63A42BF2653200C5D95E /* Debug */,
				D4EF63A52BF2653200C5D95E /* Release */,
			);
			defaultConfigurationIsVisible = 0;
			defaultConfigurationName = Release;
		};
		D4EF63A62BF2653200C5D95E /* Build configuration list for PBXNativeTarget "DigestiveTrackerAppUITests" */ = {
			isa = XCConfigurationList;
			buildConfigurations = (
				D4EF63A72BF2653200C5D95E /* Debug */,
				D4EF63A82BF2653200C5D95E /* Release */,
			);
			defaultConfigurationIsVisible = 0;
			defaultConfigurationName = Release;
		};
/* End XCConfigurationList section */
	};
	rootObject = D4EF63722BF2653000C5D95E /* Project object */;
}
